
Microsoft Visual Studio Solution File, Format Version 12.00
# Visual Studio Version 17
VisualStudioVersion = 17.9.34902.65
MinimumVisualStudioVersion = 10.0.40219.1
Project("{FAE04EC0-301F-11D3-BF4B-00C04F79EFBC}") = "OverloadCircle", "OverloadCircle\OverloadCircle.csproj", "{1B9D24D8-B48C-4E3D-8496-092F9196EA3A}"
EndProject
Global
	GlobalSection(SolutionConfigurationPlatforms) = preSolution
		Debug|Any CPU = Debug|Any CPU
		Release|Any CPU = Release|Any CPU
	EndGlobalSection
	GlobalSection(ProjectConfigurationPlatforms) = postSolution
		{1B9D24D8-B48C-4E3D-8496-092F9196EA3A}.Debug|Any CPU.ActiveCfg = Debug|Any CPU
		{1B9D24D8-B48C-4E3D-8496-092F9196EA3A}.Debug|Any CPU.Build.0 = Debug|Any CPU
		{1B9D24D8-B48C-4E3D-8496-092F9196EA3A}.Release|Any CPU.ActiveCfg = Release|Any CPU
		{1B9D24D8-B48C-4E3D-8496-092F9196EA3A}.Release|Any CPU.Build.0 = Release|Any CPU
	EndGlobalSection
	GlobalSection(SolutionProperties) = preSolution
		HideSolutionNode = FALSE
	EndGlobalSection
	GlobalSection(ExtensibilityGlobals) = postSolution
		SolutionGuid = {20D6F766-4EEC-4615-B608-A4D7CAECEBA7}
	EndGlobalSection
EndGlobal
